
Microsoft Visual Studio Solution File, Format Version 12.00
# Visual Studio Version 17
VisualStudioVersion = 17.3.32819.101
MinimumVisualStudioVersion = 10.0.40219.1
Project("{FAE04EC0-301F-11D3-BF4B-00C04F79EFBC}") = "PRN231_Final_Project", "PRN231_Final_Project\PRN231_Final_Project.csproj", "{9B93CCF5-AE0D-40A6-861F-650999927C42}"
EndProject
Project("{FAE04EC0-301F-11D3-BF4B-00C04F79EFBC}") = "BusinessObjects", "BusinessObjects\BusinessObjects.csproj", "{0771C317-6762-49E9-AC8B-2C98610B02D3}"
EndProject
Project("{FAE04EC0-301F-11D3-BF4B-00C04F79EFBC}") = "DataAccess", "DataAccess\DataAccess.csproj", "{042DBB58-8662-4658-9011-AB81D6C4B607}"
EndProject
Project("{FAE04EC0-301F-11D3-BF4B-00C04F79EFBC}") = "Repositories", "Repositories\Repositories.csproj", "{67763683-9052-4EB3-8A63-5F8909A67A21}"
EndProject
Global
	GlobalSection(SolutionConfigurationPlatforms) = preSolution
		Debug|Any CPU = Debug|Any CPU
		Release|Any CPU = Release|Any CPU
	EndGlobalSection
	GlobalSection(ProjectConfigurationPlatforms) = postSolution
		{9B93CCF5-AE0D-40A6-861F-650999927C42}.Debug|Any CPU.ActiveCfg = Debug|Any CPU
		{9B93CCF5-AE0D-40A6-861F-650999927C42}.Debug|Any CPU.Build.0 = Debug|Any CPU
		{9B93CCF5-AE0D-40A6-861F-650999927C42}.Release|Any CPU.ActiveCfg = Release|Any CPU
		{9B93CCF5-AE0D-40A6-861F-650999927C42}.Release|Any CPU.Build.0 = Release|Any CPU
		{0771C317-6762-49E9-AC8B-2C98610B02D3}.Debug|Any CPU.ActiveCfg = Debug|Any CPU
		{0771C317-6762-49E9-AC8B-2C98610B02D3}.Debug|Any CPU.Build.0 = Debug|Any CPU
		{0771C317-6762-49E9-AC8B-2C98610B02D3}.Release|Any CPU.ActiveCfg = Release|Any CPU
		{0771C317-6762-49E9-AC8B-2C98610B02D3}.Release|Any CPU.Build.0 = Release|Any CPU
		{042DBB58-8662-4658-9011-AB81D6C4B607}.Debug|Any CPU.ActiveCfg = Debug|Any CPU
		{042DBB58-8662-4658-9011-AB81D6C4B607}.Debug|Any CPU.Build.0 = Debug|Any CPU
		{042DBB58-8662-4658-9011-AB81D6C4B607}.Release|Any CPU.ActiveCfg = Release|Any CPU
		{042DBB58-8662-4658-9011-AB81D6C4B607}.Release|Any CPU.Build.0 = Release|Any CPU
		{67763683-9052-4EB3-8A63-5F8909A67A21}.Debug|Any CPU.ActiveCfg = Debug|Any CPU
		{67763683-9052-4EB3-8A63-5F8909A67A21}.Debug|Any CPU.Build.0 = Debug|Any CPU
		{67763683-9052-4EB3-8A63-5F8909A67A21}.Release|Any CPU.ActiveCfg = Release|Any CPU
		{67763683-9052-4EB3-8A63-5F8909A67A21}.Release|Any CPU.Build.0 = Release|Any CPU
	EndGlobalSection
	GlobalSection(SolutionProperties) = preSolution
		HideSolutionNode = FALSE
	EndGlobalSection
	GlobalSection(ExtensibilityGlobals) = postSolution
		SolutionGuid = {A3D9757F-1927-4C82-B65F-1B0525C7BE39}
	EndGlobalSection
EndGlobal
